// !$*UTF8*$!
{
	archiveVersion = 1;
	classes = {
	};
	objectVersion = 56;
	objects = {

/* Begin PBXBuildFile section */
		2F2125FF2914338D00EB0AE5 /* ContentView.swift in Sources */ = {isa = PBXBuildFile; fileRef = 2F2125FE2914338D00EB0AE5 /* ContentView.swift */; };
		2F2126012914338E00EB0AE5 /* Assets.xcassets in Resources */ = {isa = PBXBuildFile; fileRef = 2F2126002914338E00EB0AE5 /* Assets.xcassets */; };
		2F2126042914338E00EB0AE5 /* Preview Assets.xcassets in Resources */ = {isa = PBXBuildFile; fileRef = 2F2126032914338E00EB0AE5 /* Preview Assets.xcassets */; };
		6C2E41D32926B0A3008ABCF5 /* UPhysics_appApp.swift in Sources */ = {isa = PBXBuildFile; fileRef = 6C2E41D22926B0A3008ABCF5 /* UPhysics_appApp.swift */; };
		6C2E41DE2926B1E8008ABCF5 /* Tela_Inicial.swift in Sources */ = {isa = PBXBuildFile; fileRef = 6C2E41DD2926B1E8008ABCF5 /* Tela_Inicial.swift */; };
		6C2E41E02926B20C008ABCF5 /* Scroll_Horario.swift in Sources */ = {isa = PBXBuildFile; fileRef = 6C2E41DF2926B20C008ABCF5 /* Scroll_Horario.swift */; };
		6C2E41E22926B225008ABCF5 /* BT_AmPm.swift in Sources */ = {isa = PBXBuildFile; fileRef = 6C2E41E12926B225008ABCF5 /* BT_AmPm.swift */; };
		6C2E41E42926B25D008ABCF5 /* BT_DiaSemana.swift in Sources */ = {isa = PBXBuildFile; fileRef = 6C2E41E32926B25D008ABCF5 /* BT_DiaSemana.swift */; };
		6C2E41E62926B285008ABCF5 /* Input_DiasSemana.swift in Sources */ = {isa = PBXBuildFile; fileRef = 6C2E41E52926B285008ABCF5 /* Input_DiasSemana.swift */; };
		6C2E41E82926B2CC008ABCF5 /* BT_Adicionar.swift in Sources */ = {isa = PBXBuildFile; fileRef = 6C2E41E72926B2CC008ABCF5 /* BT_Adicionar.swift */; };
		6C2E41EA2926B2E0008ABCF5 /* Cores.swift in Sources */ = {isa = PBXBuildFile; fileRef = 6C2E41E92926B2E0008ABCF5 /* Cores.swift */; };
/* End PBXBuildFile section */

/* Begin PBXFileReference section */
		2F2125F92914338D00EB0AE5 /* UPhysics_app.app */ = {isa = PBXFileReference; explicitFileType = wrapper.application; includeInIndex = 0; path = UPhysics_app.app; sourceTree = BUILT_PRODUCTS_DIR; };
		2F2125FE2914338D00EB0AE5 /* ContentView.swift */ = {isa = PBXFileReference; lastKnownFileType = sourcecode.swift; path = ContentView.swift; sourceTree = "<group>"; };
		2F2126002914338E00EB0AE5 /* Assets.xcassets */ = {isa = PBXFileReference; lastKnownFileType = folder.assetcatalog; path = Assets.xcassets; sourceTree = "<group>"; };
		2F2126032914338E00EB0AE5 /* Preview Assets.xcassets */ = {isa = PBXFileReference; lastKnownFileType = folder.assetcatalog; path = "Preview Assets.xcassets"; sourceTree = "<group>"; };
		6C2E41D22926B0A3008ABCF5 /* UPhysics_appApp.swift */ = {isa = PBXFileReference; lastKnownFileType = sourcecode.swift; path = UPhysics_appApp.swift; sourceTree = "<group>"; };
		6C2E41DD2926B1E8008ABCF5 /* Tela_Inicial.swift */ = {isa = PBXFileReference; lastKnownFileType = sourcecode.swift; path = Tela_Inicial.swift; sourceTree = "<group>"; };
		6C2E41DF2926B20C008ABCF5 /* Scroll_Horario.swift */ = {isa = PBXFileReference; lastKnownFileType = sourcecode.swift; path = Scroll_Horario.swift; sourceTree = "<group>"; };
		6C2E41E12926B225008ABCF5 /* BT_AmPm.swift */ = {isa = PBXFileReference; lastKnownFileType = sourcecode.swift; path = BT_AmPm.swift; sourceTree = "<group>"; };
		6C2E41E32926B25D008ABCF5 /* BT_DiaSemana.swift */ = {isa = PBXFileReference; lastKnownFileType = sourcecode.swift; path = BT_DiaSemana.swift; sourceTree = "<group>"; };
		6C2E41E52926B285008ABCF5 /* Input_DiasSemana.swift */ = {isa = PBXFileReference; lastKnownFileType = sourcecode.swift; path = Input_DiasSemana.swift; sourceTree = "<group>"; };
		6C2E41E72926B2CC008ABCF5 /* BT_Adicionar.swift */ = {isa = PBXFileReference; lastKnownFileType = sourcecode.swift; path = BT_Adicionar.swift; sourceTree = "<group>"; };
		6C2E41E92926B2E0008ABCF5 /* Cores.swift */ = {isa = PBXFileReference; lastKnownFileType = sourcecode.swift; path = Cores.swift; sourceTree = "<group>"; };
		6C2E41ED2926B32E008ABCF5 /* DadosApp.geojson */ = {isa = PBXFileReference; lastKnownFileType = file; name = DadosApp.geojson; path = UPhysics_app/DadosApp.geojson; sourceTree = SOURCE_ROOT; };
/* End PBXFileReference section */

/* Begin PBXFrameworksBuildPhase section */
		2F2125F62914338D00EB0AE5 /* Frameworks */ = {
			isa = PBXFrameworksBuildPhase;
			buildActionMask = 2147483647;
			files = (
			);
			runOnlyForDeploymentPostprocessing = 0;
		};
/* End PBXFrameworksBuildPhase section */

/* Begin PBXGroup section */
		2F2125F02914338D00EB0AE5 = {
			isa = PBXGroup;
			children = (
				2F2125FB2914338D00EB0AE5 /* UPhysics_app */,
				2F2125FA2914338D00EB0AE5 /* Products */,
			);
			sourceTree = "<group>";
		};
		2F2125FA2914338D00EB0AE5 /* Products */ = {
			isa = PBXGroup;
			children = (
				2F2125F92914338D00EB0AE5 /* UPhysics_app.app */,
			);
			name = Products;
			sourceTree = "<group>";
		};
		2F2125FB2914338D00EB0AE5 /* UPhysics_app */ = {
			isa = PBXGroup;
			children = (
				6C2E41DB2926B1CB008ABCF5 /* Componentes */,
				6C2E41DA2926B1C1008ABCF5 /* Arquivos */,
				6C2E41D22926B0A3008ABCF5 /* UPhysics_appApp.swift */,
				2F2125FE2914338D00EB0AE5 /* ContentView.swift */,
				2F2126002914338E00EB0AE5 /* Assets.xcassets */,
				2F2126022914338E00EB0AE5 /* Preview Content */,
			);
			path = UPhysics_app;
			sourceTree = "<group>";
		};
		2F2126022914338E00EB0AE5 /* Preview Content */ = {
			isa = PBXGroup;
			children = (
				2F2126032914338E00EB0AE5 /* Preview Assets.xcassets */,
			);
			path = "Preview Content";
			sourceTree = "<group>";
		};
		6C2E41DA2926B1C1008ABCF5 /* Arquivos */ = {
			isa = PBXGroup;
			children = (
				6C2E41ED2926B32E008ABCF5 /* DadosApp.geojson */,
			);
			path = Arquivos;
			sourceTree = "<group>";
		};
		6C2E41DB2926B1CB008ABCF5 /* Componentes */ = {
			isa = PBXGroup;
			children = (
				6C2E41DC2926B1D3008ABCF5 /* Tela inicial */,
				6C2E41E72926B2CC008ABCF5 /* BT_Adicionar.swift */,
				6C2E41E92926B2E0008ABCF5 /* Cores.swift */,
			);
			path = Componentes;
			sourceTree = "<group>";
		};
		6C2E41DC2926B1D3008ABCF5 /* Tela inicial */ = {
			isa = PBXGroup;
			children = (
				6C2E41DD2926B1E8008ABCF5 /* Tela_Inicial.swift */,
				6C2E41DF2926B20C008ABCF5 /* Scroll_Horario.swift */,
				6C2E41E12926B225008ABCF5 /* BT_AmPm.swift */,
				6C2E41E32926B25D008ABCF5 /* BT_DiaSemana.swift */,
				6C2E41E52926B285008ABCF5 /* Input_DiasSemana.swift */,
			);
			path = "Tela inicial";
			sourceTree = "<group>";
		};
/* End PBXGroup section */

/* Begin PBXNativeTarget section */
		2F2125F82914338D00EB0AE5 /* UPhysics_app */ = {
			isa = PBXNativeTarget;
			buildConfigurationList = 2F2126072914338E00EB0AE5 /* Build configuration list for PBXNativeTarget "UPhysics_app" */;
			buildPhases = (
				2F2125F52914338D00EB0AE5 /* Sources */,
				2F2125F62914338D00EB0AE5 /* Frameworks */,
				2F2125F72914338D00EB0AE5 /* Resources */,
			);
			buildRules = (
			);
			dependencies = (
			);
			name = UPhysics_app;
			productName = UPhysics_app;
			productReference = 2F2125F92914338D00EB0AE5 /* UPhysics_app.app */;
			productType = "com.apple.product-type.application";
		};
/* End PBXNativeTarget section */

/* Begin PBXProject section */
		2F2125F12914338D00EB0AE5 /* Project object */ = {
			isa = PBXProject;
			attributes = {
				BuildIndependentTargetsInParallel = 1;
				LastSwiftUpdateCheck = 1410;
				LastUpgradeCheck = 1410;
				TargetAttributes = {
					2F2125F82914338D00EB0AE5 = {
						CreatedOnToolsVersion = 14.1;
					};
				};
			};
			buildConfigurationList = 2F2125F42914338D00EB0AE5 /* Build configuration list for PBXProject "UPhysics_app" */;
			compatibilityVersion = "Xcode 14.0";
			developmentRegion = en;
			hasScannedForEncodings = 0;
			knownRegions = (
				en,
				Base,
			);
			mainGroup = 2F2125F02914338D00EB0AE5;
			productRefGroup = 2F2125FA2914338D00EB0AE5 /* Products */;
			projectDirPath = "";
			projectRoot = "";
			targets = (
				2F2125F82914338D00EB0AE5 /* UPhysics_app */,
			);
		};
/* End PBXProject section */

/* Begin PBXResourcesBuildPhase section */
		2F2125F72914338D00EB0AE5 /* Resources */ = {
			isa = PBXResourcesBuildPhase;
			buildActionMask = 2147483647;
			files = (
				2F2126042914338E00EB0AE5 /* Preview Assets.xcassets in Resources */,
				2F2126012914338E00EB0AE5 /* Assets.xcassets in Resources */,
			);
			runOnlyForDeploymentPostprocessing = 0;
		};
/* End PBXResourcesBuildPhase section */

/* Begin PBXSourcesBuildPhase section */
		2F2125F52914338D00EB0AE5 /* Sources */ = {
			isa = PBXSourcesBuildPhase;
			buildActionMask = 2147483647;
			files = (
				6C2E41DE2926B1E8008ABCF5 /* Tela_Inicial.swift in Sources */,
				6C2E41E22926B225008ABCF5 /* BT_AmPm.swift in Sources */,
				6C2E41E62926B285008ABCF5 /* Input_DiasSemana.swift in Sources */,
				6C2E41E02926B20C008ABCF5 /* Scroll_Horario.swift in Sources */,
				6C2E41E82926B2CC008ABCF5 /* BT_Adicionar.swift in Sources */,
				2F2125FF2914338D00EB0AE5 /* ContentView.swift in Sources */,
				6C2E41D32926B0A3008ABCF5 /* UPhysics_appApp.swift in Sources */,
				6C2E41E42926B25D008ABCF5 /* BT_DiaSemana.swift in Sources */,
				6C2E41EA2926B2E0008ABCF5 /* Cores.swift in Sources */,
			);
			runOnlyForDeploymentPostprocessing = 0;
		};
/* End PBXSourcesBuildPhase section */

/* Begin XCBuildConfiguration section */
		2F2126052914338E00EB0AE5 /* Debug */ = {
			isa = XCBuildConfiguration;
			buildSettings = {
				ALWAYS_SEARCH_USER_PATHS = NO;
				CLANG_ANALYZER_NONNULL = YES;
				CLANG_ANALYZER_NUMBER_OBJECT_CONVERSION = YES_AGGRESSIVE;
				CLANG_CXX_LANGUAGE_STANDARD = "gnu++20";
				CLANG_ENABLE_MODULES = YES;
				CLANG_ENABLE_OBJC_ARC = YES;
				CLANG_ENABLE_OBJC_WEAK = YES;
				CLANG_WARN_BLOCK_CAPTURE_AUTORELEASING = YES;
				CLANG_WARN_BOOL_CONVERSION = YES;
				CLANG_WARN_COMMA = YES;
				CLANG_WARN_CONSTANT_CONVERSION = YES;
				CLANG_WARN_DEPRECATED_OBJC_IMPLEMENTATIONS = YES;
				CLANG_WARN_DIRECT_OBJC_ISA_USAGE = YES_ERROR;
				CLANG_WARN_DOCUMENTATION_COMMENTS = YES;
				CLANG_WARN_EMPTY_BODY = YES;
				CLANG_WARN_ENUM_CONVERSION = YES;
				CLANG_WARN_INFINITE_RECURSION = YES;
				CLANG_WARN_INT_CONVERSION = YES;
				CLANG_WARN_NON_LITERAL_NULL_CONVERSION = YES;
				CLANG_WARN_OBJC_IMPLICIT_RETAIN_SELF = YES;
				CLANG_WARN_OBJC_LITERAL_CONVERSION = YES;
				CLANG_WARN_OBJC_ROOT_CLASS = YES_ERROR;
				CLANG_WARN_QUOTED_INCLUDE_IN_FRAMEWORK_HEADER = YES;
				CLANG_WARN_RANGE_LOOP_ANALYSIS = YES;
				CLANG_WARN_STRICT_PROTOTYPES = YES;
				CLANG_WARN_SUSPICIOUS_MOVE = YES;
				CLANG_WARN_UNGUARDED_AVAILABILITY = YES_AGGRESSIVE;
				CLANG_WARN_UNREACHABLE_CODE = YES;
				CLANG_WARN__DUPLICATE_METHOD_MATCH = YES;
				COPY_PHASE_STRIP = NO;
				DEBUG_INFORMATION_FORMAT = dwarf;
				ENABLE_STRICT_OBJC_MSGSEND = YES;
				ENABLE_TESTABILITY = YES;
				GCC_C_LANGUAGE_STANDARD = gnu11;
				GCC_DYNAMIC_NO_PIC = NO;
				GCC_NO_COMMON_BLOCKS = YES;
				GCC_OPTIMIZATION_LEVEL = 0;
				GCC_PREPROCESSOR_DEFINITIONS = (
					"DEBUG=1",
					"$(inherited)",
				);
				GCC_WARN_64_TO_32_BIT_CONVERSION = YES;
				GCC_WARN_ABOUT_RETURN_TYPE = YES_ERROR;
				GCC_WARN_UNDECLARED_SELECTOR = YES;
				GCC_WARN_UNINITIALIZED_AUTOS = YES_AGGRESSIVE;
				GCC_WARN_UNUSED_FUNCTION = YES;
				GCC_WARN_UNUSED_VARIABLE = YES;
				IPHONEOS_DEPLOYMENT_TARGET = 16.1;
				MTL_ENABLE_DEBUG_INFO = INCLUDE_SOURCE;
				MTL_FAST_MATH = YES;
				ONLY_ACTIVE_ARCH = YES;
				SDKROOT = iphoneos;
				SWIFT_ACTIVE_COMPILATION_CONDITIONS = DEBUG;
				SWIFT_OPTIMIZATION_LEVEL = "-Onone";
			};
			name = Debug;
		};
		2F2126062914338E00EB0AE5 /* Release */ = {
			isa = XCBuildConfiguration;
			buildSettings = {
				ALWAYS_SEARCH_USER_PATHS = NO;
				CLANG_ANALYZER_NONNULL = YES;
				CLANG_ANALYZER_NUMBER_OBJECT_CONVERSION = YES_AGGRESSIVE;
				CLANG_CXX_LANGUAGE_STANDARD = "gnu++20";
				CLANG_ENABLE_MODULES = YES;
				CLANG_ENABLE_OBJC_ARC = YES;
				CLANG_ENABLE_OBJC_WEAK = YES;
				CLANG_WARN_BLOCK_CAPTURE_AUTORELEASING = YES;
				CLANG_WARN_BOOL_CONVERSION = YES;
				CLANG_WARN_COMMA = YES;
				CLANG_WARN_CONSTANT_CONVERSION = YES;
				CLANG_WARN_DEPRECATED_OBJC_IMPLEMENTATIONS = YES;
				CLANG_WARN_DIRECT_OBJC_ISA_USAGE = YES_ERROR;
				CLANG_WARN_DOCUMENTATION_COMMENTS = YES;
				CLANG_WARN_EMPTY_BODY = YES;
				CLANG_WARN_ENUM_CONVERSION = YES;
				CLANG_WARN_INFINITE_RECURSION = YES;
				CLANG_WARN_INT_CONVERSION = YES;
				CLANG_WARN_NON_LITERAL_NULL_CONVERSION = YES;
				CLANG_WARN_OBJC_IMPLICIT_RETAIN_SELF = YES;
				CLANG_WARN_OBJC_LITERAL_CONVERSION = YES;
				CLANG_WARN_OBJC_ROOT_CLASS = YES_ERROR;
				CLANG_WARN_QUOTED_INCLUDE_IN_FRAMEWORK_HEADER = YES;
				CLANG_WARN_RANGE_LOOP_ANALYSIS = YES;
				CLANG_WARN_STRICT_PROTOTYPES = YES;
				CLANG_WARN_SUSPICIOUS_MOVE = YES;
				CLANG_WARN_UNGUARDED_AVAILABILITY = YES_AGGRESSIVE;
				CLANG_WARN_UNREACHABLE_CODE = YES;
				CLANG_WARN__DUPLICATE_METHOD_MATCH = YES;
				COPY_PHASE_STRIP = NO;
				DEBUG_INFORMATION_FORMAT = "dwarf-with-dsym";
				ENABLE_NS_ASSERTIONS = NO;
				ENABLE_STRICT_OBJC_MSGSEND = YES;
				GCC_C_LANGUAGE_STANDARD = gnu11;
				GCC_NO_COMMON_BLOCKS = YES;
				GCC_WARN_64_TO_32_BIT_CONVERSION = YES;
				GCC_WARN_ABOUT_RETURN_TYPE = YES_ERROR;
				GCC_WARN_UNDECLARED_SELECTOR = YES;
				GCC_WARN_UNINITIALIZED_AUTOS = YES_AGGRESSIVE;
				GCC_WARN_UNUSED_FUNCTION = YES;
				GCC_WARN_UNUSED_VARIABLE = YES;
				IPHONEOS_DEPLOYMENT_TARGET = 16.1;
				MTL_ENABLE_DEBUG_INFO = NO;
				MTL_FAST_MATH = YES;
				SDKROOT = iphoneos;
				SWIFT_COMPILATION_MODE = wholemodule;
				SWIFT_OPTIMIZATION_LEVEL = "-O";
				VALIDATE_PRODUCT = YES;
			};
			name = Release;
		};
		2F2126082914338E00EB0AE5 /* Debug */ = {
			isa = XCBuildConfiguration;
			buildSettings = {
				ASSETCATALOG_COMPILER_APPICON_NAME = AppIcon;
				ASSETCATALOG_COMPILER_GLOBAL_ACCENT_COLOR_NAME = AccentColor;
				CODE_SIGN_STYLE = Automatic;
				CURRENT_PROJECT_VERSION = 1;
				DEVELOPMENT_ASSET_PATHS = "\"UPhysics_app/Preview Content\"";
				ENABLE_PREVIEWS = YES;
				GENERATE_INFOPLIST_FILE = YES;
				INFOPLIST_KEY_UIApplicationSceneManifest_Generation = YES;
				INFOPLIST_KEY_UIApplicationSupportsIndirectInputEvents = YES;
				INFOPLIST_KEY_UILaunchScreen_Generation = YES;
				INFOPLIST_KEY_UISupportedInterfaceOrientations_iPad = "UIInterfaceOrientationPortrait UIInterfaceOrientationPortraitUpsideDown UIInterfaceOrientationLandscapeLeft UIInterfaceOrientationLandscapeRight";
				INFOPLIST_KEY_UISupportedInterfaceOrientations_iPhone = "UIInterfaceOrientationPortrait UIInterfaceOrientationLandscapeLeft UIInterfaceOrientationLandscapeRight";
				LD_RUNPATH_SEARCH_PATHS = (
					"$(inherited)",
					"@executable_path/Frameworks",
				);
				MARKETING_VERSION = 1.0;
				PRODUCT_BUNDLE_IDENTIFIER = "IFCE.Foundation.UPhysics-app";
				PRODUCT_NAME = "$(TARGET_NAME)";
				SWIFT_EMIT_LOC_STRINGS = YES;
				SWIFT_VERSION = 5.0;
				TARGETED_DEVICE_FAMILY = "1,2";
			};
			name = Debug;
		};
		2F2126092914338E00EB0AE5 /* Release */ = {
			isa = XCBuildConfiguration;
			buildSettings = {
				ASSETCATALOG_COMPILER_APPICON_NAME = AppIcon;
				ASSETCATALOG_COMPILER_GLOBAL_ACCENT_COLOR_NAME = AccentColor;
				CODE_SIGN_STYLE = Automatic;
				CURRENT_PROJECT_VERSION = 1;
				DEVELOPMENT_ASSET_PATHS = "\"UPhysics_app/Preview Content\"";
				ENABLE_PREVIEWS = YES;
				GENERATE_INFOPLIST_FILE = YES;
				INFOPLIST_KEY_UIApplicationSceneManifest_Generation = YES;
				INFOPLIST_KEY_UIApplicationSupportsIndirectInputEvents = YES;
				INFOPLIST_KEY_UILaunchScreen_Generation = YES;
				INFOPLIST_KEY_UISupportedInterfaceOrientations_iPad = "UIInterfaceOrientationPortrait UIInterfaceOrientationPortraitUpsideDown UIInterfaceOrientationLandscapeLeft UIInterfaceOrientationLandscapeRight";
				INFOPLIST_KEY_UISupportedInterfaceOrientations_iPhone = "UIInterfaceOrientationPortrait UIInterfaceOrientationLandscapeLeft UIInterfaceOrientationLandscapeRight";
				LD_RUNPATH_SEARCH_PATHS = (
					"$(inherited)",
					"@executable_path/Frameworks",
				);
				MARKETING_VERSION = 1.0;
				PRODUCT_BUNDLE_IDENTIFIER = "IFCE.Foundation.UPhysics-app";
				PRODUCT_NAME = "$(TARGET_NAME)";
				SWIFT_EMIT_LOC_STRINGS = YES;
				SWIFT_VERSION = 5.0;
				TARGETED_DEVICE_FAMILY = "1,2";
			};
			name = Release;
		};
/* End XCBuildConfiguration section */

/* Begin XCConfigurationList section */
		2F2125F42914338D00EB0AE5 /* Build configuration list for PBXProject "UPhysics_app" */ = {
			isa = XCConfigurationList;
			buildConfigurations = (
				2F2126052914338E00EB0AE5 /* Debug */,
				2F2126062914338E00EB0AE5 /* Release */,
			);
			defaultConfigurationIsVisible = 0;
			defaultConfigurationName = Release;
		};
		2F2126072914338E00EB0AE5 /* Build configuration list for PBXNativeTarget "UPhysics_app" */ = {
			isa = XCConfigurationList;
			buildConfigurations = (
				2F2126082914338E00EB0AE5 /* Debug */,
				2F2126092914338E00EB0AE5 /* Release */,
			);
			defaultConfigurationIsVisible = 0;
			defaultConfigurationName = Release;
		};
/* End XCConfigurationList section */
	};
	rootObject = 2F2125F12914338D00EB0AE5 /* Project object */;
}
