// !$*UTF8*$!
{
	archiveVersion = 1;
	classes = {
	};
	objectVersion = 56;
	objects = {

/* Begin PBXBuildFile section */
		2F2125FF2914338D00EB0AE5 /* ContentView.swift in Sources */ = {isa = PBXBuildFile; fileRef = 2F2125FE2914338D00EB0AE5 /* ContentView.swift */; };
		2F2126012914338E00EB0AE5 /* Assets.xcassets in Resources */ = {isa = PBXBuildFile; fileRef = 2F2126002914338E00EB0AE5 /* Assets.xcassets */; };
		2F2126042914338E00EB0AE5 /* Preview Assets.xcassets in Resources */ = {isa = PBXBuildFile; fileRef = 2F2126032914338E00EB0AE5 /* Preview Assets.xcassets */; };
		2F25412729367B6D00B261F8 /* buttonTabWeek.swift in Sources */ = {isa = PBXBuildFile; fileRef = 2F25411E29367B6D00B261F8 /* buttonTabWeek.swift */; };
		2F25412829367B6D00B261F8 /* TabWeek.swift in Sources */ = {isa = PBXBuildFile; fileRef = 2F25411F29367B6D00B261F8 /* TabWeek.swift */; };
		2F25412929367B6D00B261F8 /* TelaInicial.swift in Sources */ = {isa = PBXBuildFile; fileRef = 2F25412029367B6D00B261F8 /* TelaInicial.swift */; };
		2F25412A29367B6D00B261F8 /* Timer.swift in Sources */ = {isa = PBXBuildFile; fileRef = 2F25412229367B6D00B261F8 /* Timer.swift */; };
		2F25412B29367B6D00B261F8 /* Botoes.swift in Sources */ = {isa = PBXBuildFile; fileRef = 2F25412329367B6D00B261F8 /* Botoes.swift */; };
		2F25412C29367B6D00B261F8 /* Relogio.swift in Sources */ = {isa = PBXBuildFile; fileRef = 2F25412429367B6D00B261F8 /* Relogio.swift */; };
		2F25412D29367B6D00B261F8 /* ButtonCreate.swift in Sources */ = {isa = PBXBuildFile; fileRef = 2F25412629367B6D00B261F8 /* ButtonCreate.swift */; };
		6C2E41D32926B0A3008ABCF5 /* UPhysics_appApp.swift in Sources */ = {isa = PBXBuildFile; fileRef = 6C2E41D22926B0A3008ABCF5 /* UPhysics_appApp.swift */; };
		6C2E41E82926B2CC008ABCF5 /* BT_Adicionar.swift in Sources */ = {isa = PBXBuildFile; fileRef = 6C2E41E72926B2CC008ABCF5 /* BT_Adicionar.swift */; };
		6C2E41EA2926B2E0008ABCF5 /* Cores.swift in Sources */ = {isa = PBXBuildFile; fileRef = 6C2E41E92926B2E0008ABCF5 /* Cores.swift */; };
		6C31B5FF292D3CA700D25F42 /* TrataDados.swift in Sources */ = {isa = PBXBuildFile; fileRef = 6C31B5FE292D3CA700D25F42 /* TrataDados.swift */; };
		6C33761C2926CF4D00D501DF /* FormatoDados.swift in Sources */ = {isa = PBXBuildFile; fileRef = 6C33761B2926CF4D00D501DF /* FormatoDados.swift */; };
		6CE4C091292D624700C219CB /* dados_app.json in Resources */ = {isa = PBXBuildFile; fileRef = 6C3376192926BAFF00D501DF /* dados_app.json */; };
		6CE4C092292D624E00C219CB /* diarios_semanais.json in Resources */ = {isa = PBXBuildFile; fileRef = 6C31B5FB292D306100D25F42 /* diarios_semanais.json */; };
		6CE4C093292D625100C219CB /* frases_diarias.geojson in Resources */ = {isa = PBXBuildFile; fileRef = 6C31B5FC292D336400D25F42 /* frases_diarias.geojson */; };
		6CE4C094292D625300C219CB /* metas_semanais.json in Resources */ = {isa = PBXBuildFile; fileRef = 6C31B5FD292D355D00D25F42 /* metas_semanais.json */; };
/* End PBXBuildFile section */

/* Begin PBXFileReference section */
		2F2125F92914338D00EB0AE5 /* UPhysics_app.app */ = {isa = PBXFileReference; explicitFileType = wrapper.application; includeInIndex = 0; path = UPhysics_app.app; sourceTree = BUILT_PRODUCTS_DIR; };
		2F2125FE2914338D00EB0AE5 /* ContentView.swift */ = {isa = PBXFileReference; lastKnownFileType = sourcecode.swift; path = ContentView.swift; sourceTree = "<group>"; };
		2F2126002914338E00EB0AE5 /* Assets.xcassets */ = {isa = PBXFileReference; lastKnownFileType = folder.assetcatalog; path = Assets.xcassets; sourceTree = "<group>"; };
		2F2126032914338E00EB0AE5 /* Preview Assets.xcassets */ = {isa = PBXFileReference; lastKnownFileType = folder.assetcatalog; path = "Preview Assets.xcassets"; sourceTree = "<group>"; };
		2F25411E29367B6D00B261F8 /* buttonTabWeek.swift */ = {isa = PBXFileReference; fileEncoding = 4; lastKnownFileType = sourcecode.swift; path = buttonTabWeek.swift; sourceTree = "<group>"; };
		2F25411F29367B6D00B261F8 /* TabWeek.swift */ = {isa = PBXFileReference; fileEncoding = 4; lastKnownFileType = sourcecode.swift; path = TabWeek.swift; sourceTree = "<group>"; };
		2F25412029367B6D00B261F8 /* TelaInicial.swift */ = {isa = PBXFileReference; fileEncoding = 4; lastKnownFileType = sourcecode.swift; path = TelaInicial.swift; sourceTree = "<group>"; };
		2F25412229367B6D00B261F8 /* Timer.swift */ = {isa = PBXFileReference; fileEncoding = 4; lastKnownFileType = sourcecode.swift; path = Timer.swift; sourceTree = "<group>"; };
		2F25412329367B6D00B261F8 /* Botoes.swift */ = {isa = PBXFileReference; fileEncoding = 4; lastKnownFileType = sourcecode.swift; path = Botoes.swift; sourceTree = "<group>"; };
		2F25412429367B6D00B261F8 /* Relogio.swift */ = {isa = PBXFileReference; fileEncoding = 4; lastKnownFileType = sourcecode.swift; path = Relogio.swift; sourceTree = "<group>"; };
		2F25412629367B6D00B261F8 /* ButtonCreate.swift */ = {isa = PBXFileReference; fileEncoding = 4; lastKnownFileType = sourcecode.swift; path = ButtonCreate.swift; sourceTree = "<group>"; };
		6C2E41D22926B0A3008ABCF5 /* UPhysics_appApp.swift */ = {isa = PBXFileReference; lastKnownFileType = sourcecode.swift; path = UPhysics_appApp.swift; sourceTree = "<group>"; };
		6C2E41E72926B2CC008ABCF5 /* BT_Adicionar.swift */ = {isa = PBXFileReference; lastKnownFileType = sourcecode.swift; path = BT_Adicionar.swift; sourceTree = "<group>"; };
		6C2E41E92926B2E0008ABCF5 /* Cores.swift */ = {isa = PBXFileReference; lastKnownFileType = sourcecode.swift; path = Cores.swift; sourceTree = "<group>"; };
		6C31B5FB292D306100D25F42 /* diarios_semanais.json */ = {isa = PBXFileReference; lastKnownFileType = text.json; path = diarios_semanais.json; sourceTree = "<group>"; };
		6C31B5FC292D336400D25F42 /* frases_diarias.geojson */ = {isa = PBXFileReference; lastKnownFileType = text; path = frases_diarias.geojson; sourceTree = "<group>"; };
		6C31B5FD292D355D00D25F42 /* metas_semanais.json */ = {isa = PBXFileReference; lastKnownFileType = text.json; path = metas_semanais.json; sourceTree = "<group>"; };
		6C31B5FE292D3CA700D25F42 /* TrataDados.swift */ = {isa = PBXFileReference; lastKnownFileType = sourcecode.swift; path = TrataDados.swift; sourceTree = "<group>"; };
		6C3376192926BAFF00D501DF /* dados_app.json */ = {isa = PBXFileReference; lastKnownFileType = text.json; path = dados_app.json; sourceTree = "<group>"; };
		6C33761B2926CF4D00D501DF /* FormatoDados.swift */ = {isa = PBXFileReference; lastKnownFileType = sourcecode.swift; path = FormatoDados.swift; sourceTree = "<group>"; };
/* End PBXFileReference section */

/* Begin PBXFrameworksBuildPhase section */
		2F2125F62914338D00EB0AE5 /* Frameworks */ = {
			isa = PBXFrameworksBuildPhase;
			buildActionMask = 2147483647;
			files = (
			);
			runOnlyForDeploymentPostprocessing = 0;
		};
/* End PBXFrameworksBuildPhase section */

/* Begin PBXGroup section */
		2F2125F02914338D00EB0AE5 = {
			isa = PBXGroup;
			children = (
				2F2125FB2914338D00EB0AE5 /* UPhysics_app */,
				2F2125FA2914338D00EB0AE5 /* Products */,
			);
			sourceTree = "<group>";
		};
		2F2125FA2914338D00EB0AE5 /* Products */ = {
			isa = PBXGroup;
			children = (
				2F2125F92914338D00EB0AE5 /* UPhysics_app.app */,
			);
			name = Products;
			sourceTree = "<group>";
		};
		2F2125FB2914338D00EB0AE5 /* UPhysics_app */ = {
			isa = PBXGroup;
			children = (
				6C33761A2926CF0100D501DF /* Funcionalidades */,
				6C3376182926BAEB00D501DF /* Arquivos */,
				6C2E41DB2926B1CB008ABCF5 /* Componentes */,
				6C2E41D22926B0A3008ABCF5 /* UPhysics_appApp.swift */,
				2F2125FE2914338D00EB0AE5 /* ContentView.swift */,
				2F2126002914338E00EB0AE5 /* Assets.xcassets */,
				2F2126022914338E00EB0AE5 /* Preview Content */,
			);
			path = UPhysics_app;
			sourceTree = "<group>";
		};
		2F2126022914338E00EB0AE5 /* Preview Content */ = {
			isa = PBXGroup;
			children = (
				2F2126032914338E00EB0AE5 /* Preview Assets.xcassets */,
			);
			path = "Preview Content";
			sourceTree = "<group>";
		};
		2F25411C29367B6D00B261F8 /* Tela Inicial 14.16.22 */ = {
			isa = PBXGroup;
			children = (
				2F25412029367B6D00B261F8 /* TelaInicial.swift */,
				2F25411D29367B6D00B261F8 /* Tabela semanas */,
				2F25412129367B6D00B261F8 /* Alarme */,
				2F25412529367B6D00B261F8 /* Botao de criar */,
			);
			path = "Tela Inicial 14.16.22";
			sourceTree = "<group>";
		};
		2F25411D29367B6D00B261F8 /* Tabela semanas */ = {
			isa = PBXGroup;
			children = (
				2F25411E29367B6D00B261F8 /* buttonTabWeek.swift */,
				2F25411F29367B6D00B261F8 /* TabWeek.swift */,
			);
			path = "Tabela semanas";
			sourceTree = "<group>";
		};
		2F25412129367B6D00B261F8 /* Alarme */ = {
			isa = PBXGroup;
			children = (
				2F25412229367B6D00B261F8 /* Timer.swift */,
				2F25412329367B6D00B261F8 /* Botoes.swift */,
				2F25412429367B6D00B261F8 /* Relogio.swift */,
			);
			path = Alarme;
			sourceTree = "<group>";
		};
		2F25412529367B6D00B261F8 /* Botao de criar */ = {
			isa = PBXGroup;
			children = (
				2F25412629367B6D00B261F8 /* ButtonCreate.swift */,
			);
			path = "Botao de criar";
			sourceTree = "<group>";
		};
		6C2E41DB2926B1CB008ABCF5 /* Componentes */ = {
			isa = PBXGroup;
			children = (
				2F25411C29367B6D00B261F8 /* Tela Inicial 14.16.22 */,
				6C2E41E72926B2CC008ABCF5 /* BT_Adicionar.swift */,
				6C2E41E92926B2E0008ABCF5 /* Cores.swift */,
			);
			path = Componentes;
			sourceTree = "<group>";
		};
		6C3376182926BAEB00D501DF /* Arquivos */ = {
			isa = PBXGroup;
			children = (
				6C3376192926BAFF00D501DF /* dados_app.json */,
				6C31B5FB292D306100D25F42 /* diarios_semanais.json */,
				6C31B5FC292D336400D25F42 /* frases_diarias.geojson */,
				6C31B5FD292D355D00D25F42 /* metas_semanais.json */,
			);
			path = Arquivos;
			sourceTree = "<group>";
		};
		6C33761A2926CF0100D501DF /* Funcionalidades */ = {
			isa = PBXGroup;
			children = (
				6C33761B2926CF4D00D501DF /* FormatoDados.swift */,
				6C31B5FE292D3CA700D25F42 /* TrataDados.swift */,
			);
			path = Funcionalidades;
			sourceTree = "<group>";
		};
/* End PBXGroup section */

/* Begin PBXNativeTarget section */
		2F2125F82914338D00EB0AE5 /* UPhysics_app */ = {
			isa = PBXNativeTarget;
			buildConfigurationList = 2F2126072914338E00EB0AE5 /* Build configuration list for PBXNativeTarget "UPhysics_app" */;
			buildPhases = (
				2F2125F52914338D00EB0AE5 /* Sources */,
				2F2125F62914338D00EB0AE5 /* Frameworks */,
				2F2125F72914338D00EB0AE5 /* Resources */,
			);
			buildRules = (
			);
			dependencies = (
			);
			name = UPhysics_app;
			productName = UPhysics_app;
			productReference = 2F2125F92914338D00EB0AE5 /* UPhysics_app.app */;
			productType = "com.apple.product-type.application";
		};
/* End PBXNativeTarget section */

/* Begin PBXProject section */
		2F2125F12914338D00EB0AE5 /* Project object */ = {
			isa = PBXProject;
			attributes = {
				BuildIndependentTargetsInParallel = 1;
				LastSwiftUpdateCheck = 1410;
				LastUpgradeCheck = 1410;
				TargetAttributes = {
					2F2125F82914338D00EB0AE5 = {
						CreatedOnToolsVersion = 14.1;
					};
				};
			};
			buildConfigurationList = 2F2125F42914338D00EB0AE5 /* Build configuration list for PBXProject "UPhysics_app" */;
			compatibilityVersion = "Xcode 14.0";
			developmentRegion = en;
			hasScannedForEncodings = 0;
			knownRegions = (
				en,
				Base,
			);
			mainGroup = 2F2125F02914338D00EB0AE5;
			productRefGroup = 2F2125FA2914338D00EB0AE5 /* Products */;
			projectDirPath = "";
			projectRoot = "";
			targets = (
				2F2125F82914338D00EB0AE5 /* UPhysics_app */,
			);
		};
/* End PBXProject section */

/* Begin PBXResourcesBuildPhase section */
		2F2125F72914338D00EB0AE5 /* Resources */ = {
			isa = PBXResourcesBuildPhase;
			buildActionMask = 2147483647;
			files = (
				6CE4C092292D624E00C219CB /* diarios_semanais.json in Resources */,
				6CE4C094292D625300C219CB /* metas_semanais.json in Resources */,
				6CE4C093292D625100C219CB /* frases_diarias.geojson in Resources */,
				2F2126042914338E00EB0AE5 /* Preview Assets.xcassets in Resources */,
				2F2126012914338E00EB0AE5 /* Assets.xcassets in Resources */,
				6CE4C091292D624700C219CB /* dados_app.json in Resources */,
			);
			runOnlyForDeploymentPostprocessing = 0;
		};
/* End PBXResourcesBuildPhase section */

/* Begin PBXSourcesBuildPhase section */
		2F2125F52914338D00EB0AE5 /* Sources */ = {
			isa = PBXSourcesBuildPhase;
			buildActionMask = 2147483647;
			files = (
				2F25412729367B6D00B261F8 /* buttonTabWeek.swift in Sources */,
				2F25412D29367B6D00B261F8 /* ButtonCreate.swift in Sources */,
				2F25412B29367B6D00B261F8 /* Botoes.swift in Sources */,
				6C2E41E82926B2CC008ABCF5 /* BT_Adicionar.swift in Sources */,
				2F2125FF2914338D00EB0AE5 /* ContentView.swift in Sources */,
				2F25412A29367B6D00B261F8 /* Timer.swift in Sources */,
				2F25412829367B6D00B261F8 /* TabWeek.swift in Sources */,
				6C31B5FF292D3CA700D25F42 /* TrataDados.swift in Sources */,
				6C2E41D32926B0A3008ABCF5 /* UPhysics_appApp.swift in Sources */,
				2F25412929367B6D00B261F8 /* TelaInicial.swift in Sources */,
				2F25412C29367B6D00B261F8 /* Relogio.swift in Sources */,
				6C33761C2926CF4D00D501DF /* FormatoDados.swift in Sources */,
				6C2E41EA2926B2E0008ABCF5 /* Cores.swift in Sources */,
			);
			runOnlyForDeploymentPostprocessing = 0;
		};
/* End PBXSourcesBuildPhase section */

/* Begin XCBuildConfiguration section */
		2F2126052914338E00EB0AE5 /* Debug */ = {
			isa = XCBuildConfiguration;
			buildSettings = {
				ALWAYS_SEARCH_USER_PATHS = NO;
				CLANG_ANALYZER_NONNULL = YES;
				CLANG_ANALYZER_NUMBER_OBJECT_CONVERSION = YES_AGGRESSIVE;
				CLANG_CXX_LANGUAGE_STANDARD = "gnu++20";
				CLANG_ENABLE_MODULES = YES;
				CLANG_ENABLE_OBJC_ARC = YES;
				CLANG_ENABLE_OBJC_WEAK = YES;
				CLANG_WARN_BLOCK_CAPTURE_AUTORELEASING = YES;
				CLANG_WARN_BOOL_CONVERSION = YES;
				CLANG_WARN_COMMA = YES;
				CLANG_WARN_CONSTANT_CONVERSION = YES;
				CLANG_WARN_DEPRECATED_OBJC_IMPLEMENTATIONS = YES;
				CLANG_WARN_DIRECT_OBJC_ISA_USAGE = YES_ERROR;
				CLANG_WARN_DOCUMENTATION_COMMENTS = YES;
				CLANG_WARN_EMPTY_BODY = YES;
				CLANG_WARN_ENUM_CONVERSION = YES;
				CLANG_WARN_INFINITE_RECURSION = YES;
				CLANG_WARN_INT_CONVERSION = YES;
				CLANG_WARN_NON_LITERAL_NULL_CONVERSION = YES;
				CLANG_WARN_OBJC_IMPLICIT_RETAIN_SELF = YES;
				CLANG_WARN_OBJC_LITERAL_CONVERSION = YES;
				CLANG_WARN_OBJC_ROOT_CLASS = YES_ERROR;
				CLANG_WARN_QUOTED_INCLUDE_IN_FRAMEWORK_HEADER = YES;
				CLANG_WARN_RANGE_LOOP_ANALYSIS = YES;
				CLANG_WARN_STRICT_PROTOTYPES = YES;
				CLANG_WARN_SUSPICIOUS_MOVE = YES;
				CLANG_WARN_UNGUARDED_AVAILABILITY = YES_AGGRESSIVE;
				CLANG_WARN_UNREACHABLE_CODE = YES;
				CLANG_WARN__DUPLICATE_METHOD_MATCH = YES;
				COPY_PHASE_STRIP = NO;
				DEBUG_INFORMATION_FORMAT = dwarf;
				ENABLE_STRICT_OBJC_MSGSEND = YES;
				ENABLE_TESTABILITY = YES;
				GCC_C_LANGUAGE_STANDARD = gnu11;
				GCC_DYNAMIC_NO_PIC = NO;
				GCC_NO_COMMON_BLOCKS = YES;
				GCC_OPTIMIZATION_LEVEL = 0;
				GCC_PREPROCESSOR_DEFINITIONS = (
					"DEBUG=1",
					"$(inherited)",
				);
				GCC_WARN_64_TO_32_BIT_CONVERSION = YES;
				GCC_WARN_ABOUT_RETURN_TYPE = YES_ERROR;
				GCC_WARN_UNDECLARED_SELECTOR = YES;
				GCC_WARN_UNINITIALIZED_AUTOS = YES_AGGRESSIVE;
				GCC_WARN_UNUSED_FUNCTION = YES;
				GCC_WARN_UNUSED_VARIABLE = YES;
				IPHONEOS_DEPLOYMENT_TARGET = 16.1;
				MTL_ENABLE_DEBUG_INFO = INCLUDE_SOURCE;
				MTL_FAST_MATH = YES;
				ONLY_ACTIVE_ARCH = YES;
				SDKROOT = iphoneos;
				SWIFT_ACTIVE_COMPILATION_CONDITIONS = DEBUG;
				SWIFT_OPTIMIZATION_LEVEL = "-Onone";
			};
			name = Debug;
		};
		2F2126062914338E00EB0AE5 /* Release */ = {
			isa = XCBuildConfiguration;
			buildSettings = {
				ALWAYS_SEARCH_USER_PATHS = NO;
				CLANG_ANALYZER_NONNULL = YES;
				CLANG_ANALYZER_NUMBER_OBJECT_CONVERSION = YES_AGGRESSIVE;
				CLANG_CXX_LANGUAGE_STANDARD = "gnu++20";
				CLANG_ENABLE_MODULES = YES;
				CLANG_ENABLE_OBJC_ARC = YES;
				CLANG_ENABLE_OBJC_WEAK = YES;
				CLANG_WARN_BLOCK_CAPTURE_AUTORELEASING = YES;
				CLANG_WARN_BOOL_CONVERSION = YES;
				CLANG_WARN_COMMA = YES;
				CLANG_WARN_CONSTANT_CONVERSION = YES;
				CLANG_WARN_DEPRECATED_OBJC_IMPLEMENTATIONS = YES;
				CLANG_WARN_DIRECT_OBJC_ISA_USAGE = YES_ERROR;
				CLANG_WARN_DOCUMENTATION_COMMENTS = YES;
				CLANG_WARN_EMPTY_BODY = YES;
				CLANG_WARN_ENUM_CONVERSION = YES;
				CLANG_WARN_INFINITE_RECURSION = YES;
				CLANG_WARN_INT_CONVERSION = YES;
				CLANG_WARN_NON_LITERAL_NULL_CONVERSION = YES;
				CLANG_WARN_OBJC_IMPLICIT_RETAIN_SELF = YES;
				CLANG_WARN_OBJC_LITERAL_CONVERSION = YES;
				CLANG_WARN_OBJC_ROOT_CLASS = YES_ERROR;
				CLANG_WARN_QUOTED_INCLUDE_IN_FRAMEWORK_HEADER = YES;
				CLANG_WARN_RANGE_LOOP_ANALYSIS = YES;
				CLANG_WARN_STRICT_PROTOTYPES = YES;
				CLANG_WARN_SUSPICIOUS_MOVE = YES;
				CLANG_WARN_UNGUARDED_AVAILABILITY = YES_AGGRESSIVE;
				CLANG_WARN_UNREACHABLE_CODE = YES;
				CLANG_WARN__DUPLICATE_METHOD_MATCH = YES;
				COPY_PHASE_STRIP = NO;
				DEBUG_INFORMATION_FORMAT = "dwarf-with-dsym";
				ENABLE_NS_ASSERTIONS = NO;
				ENABLE_STRICT_OBJC_MSGSEND = YES;
				GCC_C_LANGUAGE_STANDARD = gnu11;
				GCC_NO_COMMON_BLOCKS = YES;
				GCC_WARN_64_TO_32_BIT_CONVERSION = YES;
				GCC_WARN_ABOUT_RETURN_TYPE = YES_ERROR;
				GCC_WARN_UNDECLARED_SELECTOR = YES;
				GCC_WARN_UNINITIALIZED_AUTOS = YES_AGGRESSIVE;
				GCC_WARN_UNUSED_FUNCTION = YES;
				GCC_WARN_UNUSED_VARIABLE = YES;
				IPHONEOS_DEPLOYMENT_TARGET = 16.1;
				MTL_ENABLE_DEBUG_INFO = NO;
				MTL_FAST_MATH = YES;
				SDKROOT = iphoneos;
				SWIFT_COMPILATION_MODE = wholemodule;
				SWIFT_OPTIMIZATION_LEVEL = "-O";
				VALIDATE_PRODUCT = YES;
			};
			name = Release;
		};
		2F2126082914338E00EB0AE5 /* Debug */ = {
			isa = XCBuildConfiguration;
			buildSettings = {
				ASSETCATALOG_COMPILER_APPICON_NAME = AppIcon;
				ASSETCATALOG_COMPILER_GLOBAL_ACCENT_COLOR_NAME = AccentColor;
				CODE_SIGN_STYLE = Automatic;
				CURRENT_PROJECT_VERSION = 1;
				DEVELOPMENT_ASSET_PATHS = "\"UPhysics_app/Preview Content\"";
				ENABLE_PREVIEWS = YES;
				GENERATE_INFOPLIST_FILE = YES;
				INFOPLIST_KEY_UIApplicationSceneManifest_Generation = YES;
				INFOPLIST_KEY_UIApplicationSupportsIndirectInputEvents = YES;
				INFOPLIST_KEY_UILaunchScreen_Generation = YES;
				INFOPLIST_KEY_UISupportedInterfaceOrientations_iPad = "UIInterfaceOrientationPortrait UIInterfaceOrientationPortraitUpsideDown UIInterfaceOrientationLandscapeLeft UIInterfaceOrientationLandscapeRight";
				INFOPLIST_KEY_UISupportedInterfaceOrientations_iPhone = "UIInterfaceOrientationPortrait UIInterfaceOrientationLandscapeLeft UIInterfaceOrientationLandscapeRight";
				LD_RUNPATH_SEARCH_PATHS = (
					"$(inherited)",
					"@executable_path/Frameworks",
				);
				MARKETING_VERSION = 1.0;
				PRODUCT_BUNDLE_IDENTIFIER = "IFCE.Foundation.UPhysics-app";
				PRODUCT_NAME = "$(TARGET_NAME)";
				SWIFT_EMIT_LOC_STRINGS = YES;
				SWIFT_VERSION = 5.0;
				TARGETED_DEVICE_FAMILY = "1,2";
			};
			name = Debug;
		};
		2F2126092914338E00EB0AE5 /* Release */ = {
			isa = XCBuildConfiguration;
			buildSettings = {
				ASSETCATALOG_COMPILER_APPICON_NAME = AppIcon;
				ASSETCATALOG_COMPILER_GLOBAL_ACCENT_COLOR_NAME = AccentColor;
				CODE_SIGN_STYLE = Automatic;
				CURRENT_PROJECT_VERSION = 1;
				DEVELOPMENT_ASSET_PATHS = "\"UPhysics_app/Preview Content\"";
				ENABLE_PREVIEWS = YES;
				GENERATE_INFOPLIST_FILE = YES;
				INFOPLIST_KEY_UIApplicationSceneManifest_Generation = YES;
				INFOPLIST_KEY_UIApplicationSupportsIndirectInputEvents = YES;
				INFOPLIST_KEY_UILaunchScreen_Generation = YES;
				INFOPLIST_KEY_UISupportedInterfaceOrientations_iPad = "UIInterfaceOrientationPortrait UIInterfaceOrientationPortraitUpsideDown UIInterfaceOrientationLandscapeLeft UIInterfaceOrientationLandscapeRight";
				INFOPLIST_KEY_UISupportedInterfaceOrientations_iPhone = "UIInterfaceOrientationPortrait UIInterfaceOrientationLandscapeLeft UIInterfaceOrientationLandscapeRight";
				LD_RUNPATH_SEARCH_PATHS = (
					"$(inherited)",
					"@executable_path/Frameworks",
				);
				MARKETING_VERSION = 1.0;
				PRODUCT_BUNDLE_IDENTIFIER = "IFCE.Foundation.UPhysics-app";
				PRODUCT_NAME = "$(TARGET_NAME)";
				SWIFT_EMIT_LOC_STRINGS = YES;
				SWIFT_VERSION = 5.0;
				TARGETED_DEVICE_FAMILY = "1,2";
			};
			name = Release;
		};
/* End XCBuildConfiguration section */

/* Begin XCConfigurationList section */
		2F2125F42914338D00EB0AE5 /* Build configuration list for PBXProject "UPhysics_app" */ = {
			isa = XCConfigurationList;
			buildConfigurations = (
				2F2126052914338E00EB0AE5 /* Debug */,
				2F2126062914338E00EB0AE5 /* Release */,
			);
			defaultConfigurationIsVisible = 0;
			defaultConfigurationName = Release;
		};
		2F2126072914338E00EB0AE5 /* Build configuration list for PBXNativeTarget "UPhysics_app" */ = {
			isa = XCConfigurationList;
			buildConfigurations = (
				2F2126082914338E00EB0AE5 /* Debug */,
				2F2126092914338E00EB0AE5 /* Release */,
			);
			defaultConfigurationIsVisible = 0;
			defaultConfigurationName = Release;
		};
/* End XCConfigurationList section */
	};
	rootObject = 2F2125F12914338D00EB0AE5 /* Project object */;
}
